
Microsoft Visual Studio Solution File, Format Version 12.00
# Visual Studio 14
VisualStudioVersion = 14.0.25420.1
MinimumVisualStudioVersion = 10.0.40219.1
Project("{FAE04EC0-301F-11D3-BF4B-00C04F79EFBC}") = "RabbitMQ.Producer", "RabbitMQ.Producer\RabbitMQ.Producer.csproj", "{FBFA5606-4DBE-4142-A05E-667DFD596585}"
EndProject
Project("{FAE04EC0-301F-11D3-BF4B-00C04F79EFBC}") = "RabbitMQ.Consumer", "RabbitMQ.Consumer\RabbitMQ.Consumer.csproj", "{1217930D-88E2-4A74-B1CD-288C36139962}"
EndProject
Project("{2150E333-8FDC-42A3-9474-1A3956D46DE8}") = "1_Simplest", "1_Simplest", "{A9481FC9-056A-41ED-BAAD-006440731FB4}"
EndProject
Project("{2150E333-8FDC-42A3-9474-1A3956D46DE8}") = "2_WorkQueues", "2_WorkQueues", "{4C9DBDC2-446F-4B35-9734-A71D16D6993B}"
EndProject
Project("{FAE04EC0-301F-11D3-BF4B-00C04F79EFBC}") = "RabbtiMQ.Tasker", "RabbtiMQ.Tasker\RabbtiMQ.Tasker.csproj", "{D0FB250F-77F1-4B46-B3C9-932861E68154}"
EndProject
Project("{FAE04EC0-301F-11D3-BF4B-00C04F79EFBC}") = "RabbitMQ.Worker", "RabbitMQ.Worker\RabbitMQ.Worker.csproj", "{BA5EFA44-7B6F-481C-A7A6-49892D0E959A}"
EndProject
Project("{2150E333-8FDC-42A3-9474-1A3956D46DE8}") = "3_Publish_Subscribe", "3_Publish_Subscribe", "{89262EA9-78DC-4B0E-A356-2EFB82FD56D6}"
EndProject
Project("{FAE04EC0-301F-11D3-BF4B-00C04F79EFBC}") = "RabbitMQ.Publisher", "RabbitMQ.Publisher\RabbitMQ.Publisher.csproj", "{8998AD1B-CA2B-4F3C-B221-38A331AEF365}"
EndProject
Project("{FAE04EC0-301F-11D3-BF4B-00C04F79EFBC}") = "RabbitMQ.Subscriber", "RabbitMQ.Subscriber\RabbitMQ.Subscriber.csproj", "{D76C59DF-A5CB-4BBF-966D-4214597D58F1}"
EndProject
Global
	GlobalSection(SolutionConfigurationPlatforms) = preSolution
		Debug|Any CPU = Debug|Any CPU
		Release|Any CPU = Release|Any CPU
	EndGlobalSection
	GlobalSection(ProjectConfigurationPlatforms) = postSolution
		{FBFA5606-4DBE-4142-A05E-667DFD596585}.Debug|Any CPU.ActiveCfg = Debug|Any CPU
		{FBFA5606-4DBE-4142-A05E-667DFD596585}.Debug|Any CPU.Build.0 = Debug|Any CPU
		{FBFA5606-4DBE-4142-A05E-667DFD596585}.Release|Any CPU.ActiveCfg = Release|Any CPU
		{FBFA5606-4DBE-4142-A05E-667DFD596585}.Release|Any CPU.Build.0 = Release|Any CPU
		{1217930D-88E2-4A74-B1CD-288C36139962}.Debug|Any CPU.ActiveCfg = Debug|Any CPU
		{1217930D-88E2-4A74-B1CD-288C36139962}.Debug|Any CPU.Build.0 = Debug|Any CPU
		{1217930D-88E2-4A74-B1CD-288C36139962}.Release|Any CPU.ActiveCfg = Release|Any CPU
		{1217930D-88E2-4A74-B1CD-288C36139962}.Release|Any CPU.Build.0 = Release|Any CPU
		{D0FB250F-77F1-4B46-B3C9-932861E68154}.Debug|Any CPU.ActiveCfg = Debug|Any CPU
		{D0FB250F-77F1-4B46-B3C9-932861E68154}.Debug|Any CPU.Build.0 = Debug|Any CPU
		{D0FB250F-77F1-4B46-B3C9-932861E68154}.Release|Any CPU.ActiveCfg = Release|Any CPU
		{D0FB250F-77F1-4B46-B3C9-932861E68154}.Release|Any CPU.Build.0 = Release|Any CPU
		{BA5EFA44-7B6F-481C-A7A6-49892D0E959A}.Debug|Any CPU.ActiveCfg = Debug|Any CPU
		{BA5EFA44-7B6F-481C-A7A6-49892D0E959A}.Debug|Any CPU.Build.0 = Debug|Any CPU
		{BA5EFA44-7B6F-481C-A7A6-49892D0E959A}.Release|Any CPU.ActiveCfg = Release|Any CPU
		{BA5EFA44-7B6F-481C-A7A6-49892D0E959A}.Release|Any CPU.Build.0 = Release|Any CPU
		{8998AD1B-CA2B-4F3C-B221-38A331AEF365}.Debug|Any CPU.ActiveCfg = Debug|Any CPU
		{8998AD1B-CA2B-4F3C-B221-38A331AEF365}.Debug|Any CPU.Build.0 = Debug|Any CPU
		{8998AD1B-CA2B-4F3C-B221-38A331AEF365}.Release|Any CPU.ActiveCfg = Release|Any CPU
		{8998AD1B-CA2B-4F3C-B221-38A331AEF365}.Release|Any CPU.Build.0 = Release|Any CPU
		{D76C59DF-A5CB-4BBF-966D-4214597D58F1}.Debug|Any CPU.ActiveCfg = Debug|Any CPU
		{D76C59DF-A5CB-4BBF-966D-4214597D58F1}.Debug|Any CPU.Build.0 = Debug|Any CPU
		{D76C59DF-A5CB-4BBF-966D-4214597D58F1}.Release|Any CPU.ActiveCfg = Release|Any CPU
		{D76C59DF-A5CB-4BBF-966D-4214597D58F1}.Release|Any CPU.Build.0 = Release|Any CPU
	EndGlobalSection
	GlobalSection(SolutionProperties) = preSolution
		HideSolutionNode = FALSE
	EndGlobalSection
	GlobalSection(NestedProjects) = preSolution
		{FBFA5606-4DBE-4142-A05E-667DFD596585} = {A9481FC9-056A-41ED-BAAD-006440731FB4}
		{1217930D-88E2-4A74-B1CD-288C36139962} = {A9481FC9-056A-41ED-BAAD-006440731FB4}
		{D0FB250F-77F1-4B46-B3C9-932861E68154} = {4C9DBDC2-446F-4B35-9734-A71D16D6993B}
		{BA5EFA44-7B6F-481C-A7A6-49892D0E959A} = {4C9DBDC2-446F-4B35-9734-A71D16D6993B}
		{8998AD1B-CA2B-4F3C-B221-38A331AEF365} = {89262EA9-78DC-4B0E-A356-2EFB82FD56D6}
		{D76C59DF-A5CB-4BBF-966D-4214597D58F1} = {89262EA9-78DC-4B0E-A356-2EFB82FD56D6}
	EndGlobalSection
EndGlobal
