
Microsoft Visual Studio Solution File, Format Version 12.00
# Visual Studio 14
VisualStudioVersion = 14.0.25420.1
MinimumVisualStudioVersion = 10.0.40219.1
Project("{FAE04EC0-301F-11D3-BF4B-00C04F79EFBC}") = "RabbitMQ.Producer", "RabbitMQ.Producer\RabbitMQ.Producer.csproj", "{FBFA5606-4DBE-4142-A05E-667DFD596585}"
EndProject
Project("{FAE04EC0-301F-11D3-BF4B-00C04F79EFBC}") = "RabbitMQ.Consumer", "RabbitMQ.Consumer\RabbitMQ.Consumer.csproj", "{1217930D-88E2-4A74-B1CD-288C36139962}"
EndProject
Project("{2150E333-8FDC-42A3-9474-1A3956D46DE8}") = "1_Simplest", "1_Simplest", "{A9481FC9-056A-41ED-BAAD-006440731FB4}"
EndProject
Project("{2150E333-8FDC-42A3-9474-1A3956D46DE8}") = "2_WorkQueues", "2_WorkQueues", "{4C9DBDC2-446F-4B35-9734-A71D16D6993B}"
EndProject
Project("{FAE04EC0-301F-11D3-BF4B-00C04F79EFBC}") = "RabbtiMQ.Tasker", "RabbtiMQ.Tasker\RabbtiMQ.Tasker.csproj", "{D0FB250F-77F1-4B46-B3C9-932861E68154}"
EndProject
Project("{FAE04EC0-301F-11D3-BF4B-00C04F79EFBC}") = "RabbitMQ.Worker", "RabbitMQ.Worker\RabbitMQ.Worker.csproj", "{BA5EFA44-7B6F-481C-A7A6-49892D0E959A}"
EndProject
Project("{2150E333-8FDC-42A3-9474-1A3956D46DE8}") = "3_Publish_Subscribe", "3_Publish_Subscribe", "{89262EA9-78DC-4B0E-A356-2EFB82FD56D6}"
EndProject
Project("{FAE04EC0-301F-11D3-BF4B-00C04F79EFBC}") = "RabbitMQ.Publisher", "RabbitMQ.Publisher\RabbitMQ.Publisher.csproj", "{8998AD1B-CA2B-4F3C-B221-38A331AEF365}"
EndProject
Project("{FAE04EC0-301F-11D3-BF4B-00C04F79EFBC}") = "RabbitMQ.Subscriber", "RabbitMQ.Subscriber\RabbitMQ.Subscriber.csproj", "{D76C59DF-A5CB-4BBF-966D-4214597D58F1}"
EndProject
Project("{2150E333-8FDC-42A3-9474-1A3956D46DE8}") = "4_Routing", "4_Routing", "{68D46601-1058-4D23-9702-62DBA0997933}"
EndProject
Project("{FAE04EC0-301F-11D3-BF4B-00C04F79EFBC}") = "RabbitMQ.Routing.Publisher", "RabbitMQ.Routing.Publisher\RabbitMQ.Routing.Publisher.csproj", "{14551096-5BA6-4E23-AC8E-83B67A799632}"
EndProject
Project("{FAE04EC0-301F-11D3-BF4B-00C04F79EFBC}") = "RabbitMQ.Routing.Subscriber", "RabbitMQ.Routing.Subscriber\RabbitMQ.Routing.Subscriber.csproj", "{31F9B70F-7E6F-4B79-AA40-E4AF87D0122F}"
EndProject
Project("{2150E333-8FDC-42A3-9474-1A3956D46DE8}") = "5_Topics", "5_Topics", "{49334FA6-4E1F-49DE-A346-4E72D2C7827D}"
EndProject
Project("{FAE04EC0-301F-11D3-BF4B-00C04F79EFBC}") = "RabbitMQ.Topics.Publisher", "RabbitMQ.Topics.Publisher\RabbitMQ.Topics.Publisher.csproj", "{EDEF2732-5671-434B-A9F5-2DBB8ADF5EF9}"
EndProject
Project("{FAE04EC0-301F-11D3-BF4B-00C04F79EFBC}") = "RabbitMQ.Topics.Subscriber", "RabbitMQ.Topics.Subscriber\RabbitMQ.Topics.Subscriber.csproj", "{14D888C7-B503-4906-8142-A24BC41D08F4}"
EndProject
Project("{2150E333-8FDC-42A3-9474-1A3956D46DE8}") = "6_RPC", "6_RPC", "{80E43728-F877-4A28-8339-2AF1E83F60E8}"
EndProject
Project("{FAE04EC0-301F-11D3-BF4B-00C04F79EFBC}") = "RPC.Server", "RPC.Server\RPC.Server.csproj", "{BCDF91E9-FEC9-4B60-A90B-EFB47F7705D4}"
EndProject
Project("{FAE04EC0-301F-11D3-BF4B-00C04F79EFBC}") = "RPC.Client", "RPC.Client\RPC.Client.csproj", "{4AAD0D4A-B94B-4E9C-B91E-668844194C84}"
EndProject
Global
	GlobalSection(SolutionConfigurationPlatforms) = preSolution
		Debug|Any CPU = Debug|Any CPU
		Release|Any CPU = Release|Any CPU
	EndGlobalSection
	GlobalSection(ProjectConfigurationPlatforms) = postSolution
		{FBFA5606-4DBE-4142-A05E-667DFD596585}.Debug|Any CPU.ActiveCfg = Debug|Any CPU
		{FBFA5606-4DBE-4142-A05E-667DFD596585}.Debug|Any CPU.Build.0 = Debug|Any CPU
		{FBFA5606-4DBE-4142-A05E-667DFD596585}.Release|Any CPU.ActiveCfg = Release|Any CPU
		{FBFA5606-4DBE-4142-A05E-667DFD596585}.Release|Any CPU.Build.0 = Release|Any CPU
		{1217930D-88E2-4A74-B1CD-288C36139962}.Debug|Any CPU.ActiveCfg = Debug|Any CPU
		{1217930D-88E2-4A74-B1CD-288C36139962}.Debug|Any CPU.Build.0 = Debug|Any CPU
		{1217930D-88E2-4A74-B1CD-288C36139962}.Release|Any CPU.ActiveCfg = Release|Any CPU
		{1217930D-88E2-4A74-B1CD-288C36139962}.Release|Any CPU.Build.0 = Release|Any CPU
		{D0FB250F-77F1-4B46-B3C9-932861E68154}.Debug|Any CPU.ActiveCfg = Debug|Any CPU
		{D0FB250F-77F1-4B46-B3C9-932861E68154}.Debug|Any CPU.Build.0 = Debug|Any CPU
		{D0FB250F-77F1-4B46-B3C9-932861E68154}.Release|Any CPU.ActiveCfg = Release|Any CPU
		{D0FB250F-77F1-4B46-B3C9-932861E68154}.Release|Any CPU.Build.0 = Release|Any CPU
		{BA5EFA44-7B6F-481C-A7A6-49892D0E959A}.Debug|Any CPU.ActiveCfg = Debug|Any CPU
		{BA5EFA44-7B6F-481C-A7A6-49892D0E959A}.Debug|Any CPU.Build.0 = Debug|Any CPU
		{BA5EFA44-7B6F-481C-A7A6-49892D0E959A}.Release|Any CPU.ActiveCfg = Release|Any CPU
		{BA5EFA44-7B6F-481C-A7A6-49892D0E959A}.Release|Any CPU.Build.0 = Release|Any CPU
		{8998AD1B-CA2B-4F3C-B221-38A331AEF365}.Debug|Any CPU.ActiveCfg = Debug|Any CPU
		{8998AD1B-CA2B-4F3C-B221-38A331AEF365}.Debug|Any CPU.Build.0 = Debug|Any CPU
		{8998AD1B-CA2B-4F3C-B221-38A331AEF365}.Release|Any CPU.ActiveCfg = Release|Any CPU
		{8998AD1B-CA2B-4F3C-B221-38A331AEF365}.Release|Any CPU.Build.0 = Release|Any CPU
		{D76C59DF-A5CB-4BBF-966D-4214597D58F1}.Debug|Any CPU.ActiveCfg = Debug|Any CPU
		{D76C59DF-A5CB-4BBF-966D-4214597D58F1}.Debug|Any CPU.Build.0 = Debug|Any CPU
		{D76C59DF-A5CB-4BBF-966D-4214597D58F1}.Release|Any CPU.ActiveCfg = Release|Any CPU
		{D76C59DF-A5CB-4BBF-966D-4214597D58F1}.Release|Any CPU.Build.0 = Release|Any CPU
		{14551096-5BA6-4E23-AC8E-83B67A799632}.Debug|Any CPU.ActiveCfg = Debug|Any CPU
		{14551096-5BA6-4E23-AC8E-83B67A799632}.Debug|Any CPU.Build.0 = Debug|Any CPU
		{14551096-5BA6-4E23-AC8E-83B67A799632}.Release|Any CPU.ActiveCfg = Release|Any CPU
		{14551096-5BA6-4E23-AC8E-83B67A799632}.Release|Any CPU.Build.0 = Release|Any CPU
		{31F9B70F-7E6F-4B79-AA40-E4AF87D0122F}.Debug|Any CPU.ActiveCfg = Debug|Any CPU
		{31F9B70F-7E6F-4B79-AA40-E4AF87D0122F}.Debug|Any CPU.Build.0 = Debug|Any CPU
		{31F9B70F-7E6F-4B79-AA40-E4AF87D0122F}.Release|Any CPU.ActiveCfg = Release|Any CPU
		{31F9B70F-7E6F-4B79-AA40-E4AF87D0122F}.Release|Any CPU.Build.0 = Release|Any CPU
		{EDEF2732-5671-434B-A9F5-2DBB8ADF5EF9}.Debug|Any CPU.ActiveCfg = Debug|Any CPU
		{EDEF2732-5671-434B-A9F5-2DBB8ADF5EF9}.Debug|Any CPU.Build.0 = Debug|Any CPU
		{EDEF2732-5671-434B-A9F5-2DBB8ADF5EF9}.Release|Any CPU.ActiveCfg = Release|Any CPU
		{EDEF2732-5671-434B-A9F5-2DBB8ADF5EF9}.Release|Any CPU.Build.0 = Release|Any CPU
		{14D888C7-B503-4906-8142-A24BC41D08F4}.Debug|Any CPU.ActiveCfg = Debug|Any CPU
		{14D888C7-B503-4906-8142-A24BC41D08F4}.Debug|Any CPU.Build.0 = Debug|Any CPU
		{14D888C7-B503-4906-8142-A24BC41D08F4}.Release|Any CPU.ActiveCfg = Release|Any CPU
		{14D888C7-B503-4906-8142-A24BC41D08F4}.Release|Any CPU.Build.0 = Release|Any CPU
		{BCDF91E9-FEC9-4B60-A90B-EFB47F7705D4}.Debug|Any CPU.ActiveCfg = Debug|Any CPU
		{BCDF91E9-FEC9-4B60-A90B-EFB47F7705D4}.Debug|Any CPU.Build.0 = Debug|Any CPU
		{BCDF91E9-FEC9-4B60-A90B-EFB47F7705D4}.Release|Any CPU.ActiveCfg = Release|Any CPU
		{BCDF91E9-FEC9-4B60-A90B-EFB47F7705D4}.Release|Any CPU.Build.0 = Release|Any CPU
		{4AAD0D4A-B94B-4E9C-B91E-668844194C84}.Debug|Any CPU.ActiveCfg = Debug|Any CPU
		{4AAD0D4A-B94B-4E9C-B91E-668844194C84}.Debug|Any CPU.Build.0 = Debug|Any CPU
		{4AAD0D4A-B94B-4E9C-B91E-668844194C84}.Release|Any CPU.ActiveCfg = Release|Any CPU
		{4AAD0D4A-B94B-4E9C-B91E-668844194C84}.Release|Any CPU.Build.0 = Release|Any CPU
	EndGlobalSection
	GlobalSection(SolutionProperties) = preSolution
		HideSolutionNode = FALSE
	EndGlobalSection
	GlobalSection(NestedProjects) = preSolution
		{FBFA5606-4DBE-4142-A05E-667DFD596585} = {A9481FC9-056A-41ED-BAAD-006440731FB4}
		{1217930D-88E2-4A74-B1CD-288C36139962} = {A9481FC9-056A-41ED-BAAD-006440731FB4}
		{D0FB250F-77F1-4B46-B3C9-932861E68154} = {4C9DBDC2-446F-4B35-9734-A71D16D6993B}
		{BA5EFA44-7B6F-481C-A7A6-49892D0E959A} = {4C9DBDC2-446F-4B35-9734-A71D16D6993B}
		{8998AD1B-CA2B-4F3C-B221-38A331AEF365} = {89262EA9-78DC-4B0E-A356-2EFB82FD56D6}
		{D76C59DF-A5CB-4BBF-966D-4214597D58F1} = {89262EA9-78DC-4B0E-A356-2EFB82FD56D6}
		{14551096-5BA6-4E23-AC8E-83B67A799632} = {68D46601-1058-4D23-9702-62DBA0997933}
		{31F9B70F-7E6F-4B79-AA40-E4AF87D0122F} = {68D46601-1058-4D23-9702-62DBA0997933}
		{EDEF2732-5671-434B-A9F5-2DBB8ADF5EF9} = {49334FA6-4E1F-49DE-A346-4E72D2C7827D}
		{14D888C7-B503-4906-8142-A24BC41D08F4} = {49334FA6-4E1F-49DE-A346-4E72D2C7827D}
		{BCDF91E9-FEC9-4B60-A90B-EFB47F7705D4} = {80E43728-F877-4A28-8339-2AF1E83F60E8}
		{4AAD0D4A-B94B-4E9C-B91E-668844194C84} = {80E43728-F877-4A28-8339-2AF1E83F60E8}
	EndGlobalSection
EndGlobal
